
Microsoft Visual Studio Solution File, Format Version 12.00
# Visual Studio Version 16
VisualStudioVersion = 25.0.1700.7
MinimumVisualStudioVersion = 10.0.40219.1
Project("{FAE04EC0-301F-11D3-BF4B-00C04F79EFBC}") = "VariableExercise", "VariableExercise\VariableExercise.csproj", "{34522677-BED5-4646-8C8D-83BDC8A91517}"
EndProject
Global
	GlobalSection(SolutionConfigurationPlatforms) = preSolution
		Debug|Any CPU = Debug|Any CPU
		Release|Any CPU = Release|Any CPU
	EndGlobalSection
	GlobalSection(ProjectConfigurationPlatforms) = postSolution
		{34522677-BED5-4646-8C8D-83BDC8A91517}.Debug|Any CPU.ActiveCfg = Debug|Any CPU
		{34522677-BED5-4646-8C8D-83BDC8A91517}.Debug|Any CPU.Build.0 = Debug|Any CPU
		{34522677-BED5-4646-8C8D-83BDC8A91517}.Release|Any CPU.ActiveCfg = Release|Any CPU
		{34522677-BED5-4646-8C8D-83BDC8A91517}.Release|Any CPU.Build.0 = Release|Any CPU
	EndGlobalSection
	GlobalSection(SolutionProperties) = preSolution
		HideSolutionNode = FALSE
	EndGlobalSection
	GlobalSection(ExtensibilityGlobals) = postSolution
		SolutionGuid = {7F9ABA28-1E68-460F-9253-05F510C3E734}
	EndGlobalSection
EndGlobal
